
Microsoft Visual Studio Solution File, Format Version 12.00
# Visual Studio 14
VisualStudioVersion = 14.0.25420.1
MinimumVisualStudioVersion = 10.0.40219.1
Project("{159641D6-6404-4A2A-AE62-294DE0FE8301}") = "EDW-PolicyCenter", "EDW-PolicyCenter\EDW-PolicyCenter.dtproj", "{B2AEA3C0-2338-4E63-8377-398385F63D90}"
EndProject
Project("{159641D6-6404-4A2A-AE62-294DE0FE8301}") = "EDW-WC", "EDW-WC\EDW-WC.dtproj", "{16F84419-53B9-4B2B-84DA-F0A4E6E39237}"
EndProject
Project("{159641D6-6404-4A2A-AE62-294DE0FE8301}") = "WCPOLS", "WCPOLS\WCPOLS.dtproj", "{7E9A53FD-2C9B-43C8-9322-A27703C66E64}"
EndProject
Project("{159641D6-6404-4A2A-AE62-294DE0FE8301}") = "EDW-BillingCenter", "EDW-BillingCenter\EDW-BillingCenter.dtproj", "{B4FECC8E-9A24-4907-806C-C257AAB30593}"
EndProject
Project("{159641D6-6404-4A2A-AE62-294DE0FE8301}") = "EDW-ClaimCenter", "EDW-ClaimCenter\EDW-ClaimCenter.dtproj", "{3907BCC8-D46A-4981-B99F-9720BCD20FD2}"
EndProject
Project("{159641D6-6404-4A2A-AE62-294DE0FE8301}") = "PostProcessor", "PostProcessor\PostProcessor.dtproj", "{E9BC2CDF-29DC-4535-84AB-5CD877DC4BCB}"
EndProject
Project("{159641D6-6404-4A2A-AE62-294DE0FE8301}") = "MDC", "MDC\MDC.dtproj", "{8018CF2C-373D-4B0E-B5EA-0FEB5BBFA5CE}"
EndProject
Project("{159641D6-6404-4A2A-AE62-294DE0FE8301}") = "NPX Reports", "NPX Reports\NPX Reports.dtproj", "{1F7AAA1F-5DE5-4EBF-9574-24CAA8934062}"
EndProject
Project("{159641D6-6404-4A2A-AE62-294DE0FE8301}") = "ProductModel - Extract", "ProductModel - Extract\ProductModel - Extract.dtproj", "{B01F32FE-1AF5-4805-BC3F-59D6FCBCC3AF}"
EndProject
Project("{159641D6-6404-4A2A-AE62-294DE0FE8301}") = "WCSTAT", "WCSTAT\WCSTAT.dtproj", "{06C98CF4-59FD-4873-AAE2-9789EA96DD19}"
EndProject
Project("{159641D6-6404-4A2A-AE62-294DE0FE8301}") = "1099", "1099\1099.dtproj", "{1BF1C98D-83AA-49FA-92B2-06112B70192F}"
EndProject
Project("{F14B399A-7131-4C87-9E4B-1186C45EF12D}") = "MonthlyReports", "MonthlyReports\MonthlyReports.rptproj", "{86361EF7-7220-4843-9654-34E982F0D2F5}"
EndProject
Project("{F14B399A-7131-4C87-9E4B-1186C45EF12D}") = "OperationalReports", "OperationalReports\OperationalReports.rptproj", "{3F3A94C7-B78B-4D12-8863-97C874657AD9}"
EndProject
Project("{F14B399A-7131-4C87-9E4B-1186C45EF12D}") = "PerformanceMetrics - Claims", "PerformanceMetrics - Claims\PerformanceMetrics - Claims.rptproj", "{F40D0AC3-0ECE-4F64-9B4C-EB0958670AF3}"
EndProject
Project("{F14B399A-7131-4C87-9E4B-1186C45EF12D}") = "PerformanceMetrics - Policy", "PerformanceMetrics - Policy\PerformanceMetrics - Policy.rptproj", "{3E43AF58-AD20-4BF8-BA81-52476BDE9265}"
EndProject
Project("{F14B399A-7131-4C87-9E4B-1186C45EF12D}") = "QuarterlyReports", "QuarterlyReports\QuarterlyReports.rptproj", "{8859A9A2-C0EC-42B0-BDEC-A82E45BAA19E}"
EndProject
Project("{F14B399A-7131-4C87-9E4B-1186C45EF12D}") = "ScheduledReports", "ScheduledReports\ScheduledReports.rptproj", "{AB9DF058-96A7-4015-9BB7-D0DBF7BEF02B}"
EndProject
Project("{159641D6-6404-4A2A-AE62-294DE0FE8301}") = "Onsite Audit", "OnsiteAudit\OnsiteAudit\Onsite Audit.dtproj", "{3923D618-F5FB-40E1-B6E8-99555F2CEBDD}"
EndProject
Global
	GlobalSection(SolutionConfigurationPlatforms) = preSolution
		Debug|Default = Debug|Default
		DebugLocal|Default = DebugLocal|Default
		Development|Default = Development|Default
		Release|Default = Release|Default
	EndGlobalSection
	GlobalSection(ProjectConfigurationPlatforms) = postSolution
		{B2AEA3C0-2338-4E63-8377-398385F63D90}.Debug|Default.ActiveCfg = Development
		{B2AEA3C0-2338-4E63-8377-398385F63D90}.Debug|Default.Build.0 = Development
		{B2AEA3C0-2338-4E63-8377-398385F63D90}.DebugLocal|Default.ActiveCfg = Development
		{B2AEA3C0-2338-4E63-8377-398385F63D90}.DebugLocal|Default.Build.0 = Development
		{B2AEA3C0-2338-4E63-8377-398385F63D90}.Development|Default.ActiveCfg = Development
		{B2AEA3C0-2338-4E63-8377-398385F63D90}.Development|Default.Build.0 = Development
		{B2AEA3C0-2338-4E63-8377-398385F63D90}.Release|Default.ActiveCfg = Development
		{B2AEA3C0-2338-4E63-8377-398385F63D90}.Release|Default.Build.0 = Development
		{16F84419-53B9-4B2B-84DA-F0A4E6E39237}.Debug|Default.ActiveCfg = Development
		{16F84419-53B9-4B2B-84DA-F0A4E6E39237}.Debug|Default.Build.0 = Development
		{16F84419-53B9-4B2B-84DA-F0A4E6E39237}.DebugLocal|Default.ActiveCfg = Development
		{16F84419-53B9-4B2B-84DA-F0A4E6E39237}.DebugLocal|Default.Build.0 = Development
		{16F84419-53B9-4B2B-84DA-F0A4E6E39237}.Development|Default.ActiveCfg = Development
		{16F84419-53B9-4B2B-84DA-F0A4E6E39237}.Development|Default.Build.0 = Development
		{16F84419-53B9-4B2B-84DA-F0A4E6E39237}.Release|Default.ActiveCfg = Development
		{16F84419-53B9-4B2B-84DA-F0A4E6E39237}.Release|Default.Build.0 = Development
		{7E9A53FD-2C9B-43C8-9322-A27703C66E64}.Debug|Default.ActiveCfg = Development
		{7E9A53FD-2C9B-43C8-9322-A27703C66E64}.Debug|Default.Build.0 = Development
		{7E9A53FD-2C9B-43C8-9322-A27703C66E64}.DebugLocal|Default.ActiveCfg = Development
		{7E9A53FD-2C9B-43C8-9322-A27703C66E64}.DebugLocal|Default.Build.0 = Development
		{7E9A53FD-2C9B-43C8-9322-A27703C66E64}.Development|Default.ActiveCfg = Development
		{7E9A53FD-2C9B-43C8-9322-A27703C66E64}.Development|Default.Build.0 = Development
		{7E9A53FD-2C9B-43C8-9322-A27703C66E64}.Release|Default.ActiveCfg = Development
		{7E9A53FD-2C9B-43C8-9322-A27703C66E64}.Release|Default.Build.0 = Development
		{B4FECC8E-9A24-4907-806C-C257AAB30593}.Debug|Default.ActiveCfg = Development
		{B4FECC8E-9A24-4907-806C-C257AAB30593}.Debug|Default.Build.0 = Development
		{B4FECC8E-9A24-4907-806C-C257AAB30593}.DebugLocal|Default.ActiveCfg = Development
		{B4FECC8E-9A24-4907-806C-C257AAB30593}.DebugLocal|Default.Build.0 = Development
		{B4FECC8E-9A24-4907-806C-C257AAB30593}.Development|Default.ActiveCfg = Development
		{B4FECC8E-9A24-4907-806C-C257AAB30593}.Development|Default.Build.0 = Development
		{B4FECC8E-9A24-4907-806C-C257AAB30593}.Release|Default.ActiveCfg = Development
		{B4FECC8E-9A24-4907-806C-C257AAB30593}.Release|Default.Build.0 = Development
		{3907BCC8-D46A-4981-B99F-9720BCD20FD2}.Debug|Default.ActiveCfg = Development
		{3907BCC8-D46A-4981-B99F-9720BCD20FD2}.Debug|Default.Build.0 = Development
		{3907BCC8-D46A-4981-B99F-9720BCD20FD2}.DebugLocal|Default.ActiveCfg = Development
		{3907BCC8-D46A-4981-B99F-9720BCD20FD2}.DebugLocal|Default.Build.0 = Development
		{3907BCC8-D46A-4981-B99F-9720BCD20FD2}.Development|Default.ActiveCfg = Development
		{3907BCC8-D46A-4981-B99F-9720BCD20FD2}.Development|Default.Build.0 = Development
		{3907BCC8-D46A-4981-B99F-9720BCD20FD2}.Release|Default.ActiveCfg = Development
		{3907BCC8-D46A-4981-B99F-9720BCD20FD2}.Release|Default.Build.0 = Development
		{E9BC2CDF-29DC-4535-84AB-5CD877DC4BCB}.Debug|Default.ActiveCfg = Development
		{E9BC2CDF-29DC-4535-84AB-5CD877DC4BCB}.Debug|Default.Build.0 = Development
		{E9BC2CDF-29DC-4535-84AB-5CD877DC4BCB}.DebugLocal|Default.ActiveCfg = Development
		{E9BC2CDF-29DC-4535-84AB-5CD877DC4BCB}.DebugLocal|Default.Build.0 = Development
		{E9BC2CDF-29DC-4535-84AB-5CD877DC4BCB}.Development|Default.ActiveCfg = Development
		{E9BC2CDF-29DC-4535-84AB-5CD877DC4BCB}.Development|Default.Build.0 = Development
		{E9BC2CDF-29DC-4535-84AB-5CD877DC4BCB}.Release|Default.ActiveCfg = Development
		{E9BC2CDF-29DC-4535-84AB-5CD877DC4BCB}.Release|Default.Build.0 = Development
		{8018CF2C-373D-4B0E-B5EA-0FEB5BBFA5CE}.Debug|Default.ActiveCfg = Development
		{8018CF2C-373D-4B0E-B5EA-0FEB5BBFA5CE}.Debug|Default.Build.0 = Development
		{8018CF2C-373D-4B0E-B5EA-0FEB5BBFA5CE}.DebugLocal|Default.ActiveCfg = Development
		{8018CF2C-373D-4B0E-B5EA-0FEB5BBFA5CE}.DebugLocal|Default.Build.0 = Development
		{8018CF2C-373D-4B0E-B5EA-0FEB5BBFA5CE}.Development|Default.ActiveCfg = Development
		{8018CF2C-373D-4B0E-B5EA-0FEB5BBFA5CE}.Development|Default.Build.0 = Development
		{8018CF2C-373D-4B0E-B5EA-0FEB5BBFA5CE}.Release|Default.ActiveCfg = Development
		{8018CF2C-373D-4B0E-B5EA-0FEB5BBFA5CE}.Release|Default.Build.0 = Development
		{1F7AAA1F-5DE5-4EBF-9574-24CAA8934062}.Debug|Default.ActiveCfg = Development
		{1F7AAA1F-5DE5-4EBF-9574-24CAA8934062}.Debug|Default.Build.0 = Development
		{1F7AAA1F-5DE5-4EBF-9574-24CAA8934062}.DebugLocal|Default.ActiveCfg = Development
		{1F7AAA1F-5DE5-4EBF-9574-24CAA8934062}.DebugLocal|Default.Build.0 = Development
		{1F7AAA1F-5DE5-4EBF-9574-24CAA8934062}.Development|Default.ActiveCfg = Development
		{1F7AAA1F-5DE5-4EBF-9574-24CAA8934062}.Development|Default.Build.0 = Development
		{1F7AAA1F-5DE5-4EBF-9574-24CAA8934062}.Release|Default.ActiveCfg = Development
		{1F7AAA1F-5DE5-4EBF-9574-24CAA8934062}.Release|Default.Build.0 = Development
		{B01F32FE-1AF5-4805-BC3F-59D6FCBCC3AF}.Debug|Default.ActiveCfg = Development
		{B01F32FE-1AF5-4805-BC3F-59D6FCBCC3AF}.Debug|Default.Build.0 = Development
		{B01F32FE-1AF5-4805-BC3F-59D6FCBCC3AF}.DebugLocal|Default.ActiveCfg = Development
		{B01F32FE-1AF5-4805-BC3F-59D6FCBCC3AF}.DebugLocal|Default.Build.0 = Development
		{B01F32FE-1AF5-4805-BC3F-59D6FCBCC3AF}.Development|Default.ActiveCfg = Development
		{B01F32FE-1AF5-4805-BC3F-59D6FCBCC3AF}.Development|Default.Build.0 = Development
		{B01F32FE-1AF5-4805-BC3F-59D6FCBCC3AF}.Release|Default.ActiveCfg = Development
		{B01F32FE-1AF5-4805-BC3F-59D6FCBCC3AF}.Release|Default.Build.0 = Development
		{06C98CF4-59FD-4873-AAE2-9789EA96DD19}.Debug|Default.ActiveCfg = Development
		{06C98CF4-59FD-4873-AAE2-9789EA96DD19}.Debug|Default.Build.0 = Development
		{06C98CF4-59FD-4873-AAE2-9789EA96DD19}.DebugLocal|Default.ActiveCfg = Development
		{06C98CF4-59FD-4873-AAE2-9789EA96DD19}.DebugLocal|Default.Build.0 = Development
		{06C98CF4-59FD-4873-AAE2-9789EA96DD19}.Development|Default.ActiveCfg = Development
		{06C98CF4-59FD-4873-AAE2-9789EA96DD19}.Development|Default.Build.0 = Development
		{06C98CF4-59FD-4873-AAE2-9789EA96DD19}.Release|Default.ActiveCfg = Development
		{06C98CF4-59FD-4873-AAE2-9789EA96DD19}.Release|Default.Build.0 = Development
		{1BF1C98D-83AA-49FA-92B2-06112B70192F}.Debug|Default.ActiveCfg = Development
		{1BF1C98D-83AA-49FA-92B2-06112B70192F}.Debug|Default.Build.0 = Development
		{1BF1C98D-83AA-49FA-92B2-06112B70192F}.DebugLocal|Default.ActiveCfg = Development
		{1BF1C98D-83AA-49FA-92B2-06112B70192F}.DebugLocal|Default.Build.0 = Development
		{1BF1C98D-83AA-49FA-92B2-06112B70192F}.Development|Default.ActiveCfg = Development
		{1BF1C98D-83AA-49FA-92B2-06112B70192F}.Development|Default.Build.0 = Development
		{1BF1C98D-83AA-49FA-92B2-06112B70192F}.Release|Default.ActiveCfg = Development
		{1BF1C98D-83AA-49FA-92B2-06112B70192F}.Release|Default.Build.0 = Development
		{86361EF7-7220-4843-9654-34E982F0D2F5}.Debug|Default.ActiveCfg = Debug
		{86361EF7-7220-4843-9654-34E982F0D2F5}.Debug|Default.Build.0 = Debug
		{86361EF7-7220-4843-9654-34E982F0D2F5}.Debug|Default.Deploy.0 = Debug
		{86361EF7-7220-4843-9654-34E982F0D2F5}.DebugLocal|Default.ActiveCfg = DebugLocal
		{86361EF7-7220-4843-9654-34E982F0D2F5}.DebugLocal|Default.Build.0 = DebugLocal
		{86361EF7-7220-4843-9654-34E982F0D2F5}.DebugLocal|Default.Deploy.0 = DebugLocal
		{86361EF7-7220-4843-9654-34E982F0D2F5}.Development|Default.ActiveCfg = DebugLocal
		{86361EF7-7220-4843-9654-34E982F0D2F5}.Development|Default.Build.0 = DebugLocal
		{86361EF7-7220-4843-9654-34E982F0D2F5}.Development|Default.Deploy.0 = DebugLocal
		{86361EF7-7220-4843-9654-34E982F0D2F5}.Release|Default.ActiveCfg = Release
		{86361EF7-7220-4843-9654-34E982F0D2F5}.Release|Default.Build.0 = Release
		{86361EF7-7220-4843-9654-34E982F0D2F5}.Release|Default.Deploy.0 = Release
		{3F3A94C7-B78B-4D12-8863-97C874657AD9}.Debug|Default.ActiveCfg = Debug
		{3F3A94C7-B78B-4D12-8863-97C874657AD9}.Debug|Default.Build.0 = Debug
		{3F3A94C7-B78B-4D12-8863-97C874657AD9}.Debug|Default.Deploy.0 = Debug
		{3F3A94C7-B78B-4D12-8863-97C874657AD9}.DebugLocal|Default.ActiveCfg = DebugLocal
		{3F3A94C7-B78B-4D12-8863-97C874657AD9}.DebugLocal|Default.Build.0 = DebugLocal
		{3F3A94C7-B78B-4D12-8863-97C874657AD9}.DebugLocal|Default.Deploy.0 = DebugLocal
		{3F3A94C7-B78B-4D12-8863-97C874657AD9}.Development|Default.ActiveCfg = DebugLocal
		{3F3A94C7-B78B-4D12-8863-97C874657AD9}.Development|Default.Build.0 = DebugLocal
		{3F3A94C7-B78B-4D12-8863-97C874657AD9}.Development|Default.Deploy.0 = DebugLocal
		{3F3A94C7-B78B-4D12-8863-97C874657AD9}.Release|Default.ActiveCfg = Release
		{3F3A94C7-B78B-4D12-8863-97C874657AD9}.Release|Default.Build.0 = Release
		{3F3A94C7-B78B-4D12-8863-97C874657AD9}.Release|Default.Deploy.0 = Release
		{F40D0AC3-0ECE-4F64-9B4C-EB0958670AF3}.Debug|Default.ActiveCfg = Debug
		{F40D0AC3-0ECE-4F64-9B4C-EB0958670AF3}.Debug|Default.Build.0 = Debug
		{F40D0AC3-0ECE-4F64-9B4C-EB0958670AF3}.Debug|Default.Deploy.0 = Debug
		{F40D0AC3-0ECE-4F64-9B4C-EB0958670AF3}.DebugLocal|Default.ActiveCfg = DebugLocal
		{F40D0AC3-0ECE-4F64-9B4C-EB0958670AF3}.DebugLocal|Default.Build.0 = DebugLocal
		{F40D0AC3-0ECE-4F64-9B4C-EB0958670AF3}.DebugLocal|Default.Deploy.0 = DebugLocal
		{F40D0AC3-0ECE-4F64-9B4C-EB0958670AF3}.Development|Default.ActiveCfg = DebugLocal
		{F40D0AC3-0ECE-4F64-9B4C-EB0958670AF3}.Development|Default.Build.0 = DebugLocal
		{F40D0AC3-0ECE-4F64-9B4C-EB0958670AF3}.Development|Default.Deploy.0 = DebugLocal
		{F40D0AC3-0ECE-4F64-9B4C-EB0958670AF3}.Release|Default.ActiveCfg = Release
		{F40D0AC3-0ECE-4F64-9B4C-EB0958670AF3}.Release|Default.Build.0 = Release
		{F40D0AC3-0ECE-4F64-9B4C-EB0958670AF3}.Release|Default.Deploy.0 = Release
		{3E43AF58-AD20-4BF8-BA81-52476BDE9265}.Debug|Default.ActiveCfg = Debug
		{3E43AF58-AD20-4BF8-BA81-52476BDE9265}.Debug|Default.Build.0 = Debug
		{3E43AF58-AD20-4BF8-BA81-52476BDE9265}.Debug|Default.Deploy.0 = Debug
		{3E43AF58-AD20-4BF8-BA81-52476BDE9265}.DebugLocal|Default.ActiveCfg = DebugLocal
		{3E43AF58-AD20-4BF8-BA81-52476BDE9265}.DebugLocal|Default.Build.0 = DebugLocal
		{3E43AF58-AD20-4BF8-BA81-52476BDE9265}.DebugLocal|Default.Deploy.0 = DebugLocal
		{3E43AF58-AD20-4BF8-BA81-52476BDE9265}.Development|Default.ActiveCfg = DebugLocal
		{3E43AF58-AD20-4BF8-BA81-52476BDE9265}.Development|Default.Build.0 = DebugLocal
		{3E43AF58-AD20-4BF8-BA81-52476BDE9265}.Development|Default.Deploy.0 = DebugLocal
		{3E43AF58-AD20-4BF8-BA81-52476BDE9265}.Release|Default.ActiveCfg = Release
		{3E43AF58-AD20-4BF8-BA81-52476BDE9265}.Release|Default.Build.0 = Release
		{3E43AF58-AD20-4BF8-BA81-52476BDE9265}.Release|Default.Deploy.0 = Release
		{8859A9A2-C0EC-42B0-BDEC-A82E45BAA19E}.Debug|Default.ActiveCfg = Debug
		{8859A9A2-C0EC-42B0-BDEC-A82E45BAA19E}.Debug|Default.Build.0 = Debug
		{8859A9A2-C0EC-42B0-BDEC-A82E45BAA19E}.Debug|Default.Deploy.0 = Debug
		{8859A9A2-C0EC-42B0-BDEC-A82E45BAA19E}.DebugLocal|Default.ActiveCfg = DebugLocal
		{8859A9A2-C0EC-42B0-BDEC-A82E45BAA19E}.DebugLocal|Default.Build.0 = DebugLocal
		{8859A9A2-C0EC-42B0-BDEC-A82E45BAA19E}.DebugLocal|Default.Deploy.0 = DebugLocal
		{8859A9A2-C0EC-42B0-BDEC-A82E45BAA19E}.Development|Default.ActiveCfg = DebugLocal
		{8859A9A2-C0EC-42B0-BDEC-A82E45BAA19E}.Development|Default.Build.0 = DebugLocal
		{8859A9A2-C0EC-42B0-BDEC-A82E45BAA19E}.Development|Default.Deploy.0 = DebugLocal
		{8859A9A2-C0EC-42B0-BDEC-A82E45BAA19E}.Release|Default.ActiveCfg = Release
		{8859A9A2-C0EC-42B0-BDEC-A82E45BAA19E}.Release|Default.Build.0 = Release
		{8859A9A2-C0EC-42B0-BDEC-A82E45BAA19E}.Release|Default.Deploy.0 = Release
		{AB9DF058-96A7-4015-9BB7-D0DBF7BEF02B}.Debug|Default.ActiveCfg = Debug
		{AB9DF058-96A7-4015-9BB7-D0DBF7BEF02B}.Debug|Default.Build.0 = Debug
		{AB9DF058-96A7-4015-9BB7-D0DBF7BEF02B}.Debug|Default.Deploy.0 = Debug
		{AB9DF058-96A7-4015-9BB7-D0DBF7BEF02B}.DebugLocal|Default.ActiveCfg = DebugLocal
		{AB9DF058-96A7-4015-9BB7-D0DBF7BEF02B}.DebugLocal|Default.Build.0 = DebugLocal
		{AB9DF058-96A7-4015-9BB7-D0DBF7BEF02B}.DebugLocal|Default.Deploy.0 = DebugLocal
		{AB9DF058-96A7-4015-9BB7-D0DBF7BEF02B}.Development|Default.ActiveCfg = DebugLocal
		{AB9DF058-96A7-4015-9BB7-D0DBF7BEF02B}.Development|Default.Build.0 = DebugLocal
		{AB9DF058-96A7-4015-9BB7-D0DBF7BEF02B}.Development|Default.Deploy.0 = DebugLocal
		{AB9DF058-96A7-4015-9BB7-D0DBF7BEF02B}.Release|Default.ActiveCfg = Release
		{AB9DF058-96A7-4015-9BB7-D0DBF7BEF02B}.Release|Default.Build.0 = Release
		{AB9DF058-96A7-4015-9BB7-D0DBF7BEF02B}.Release|Default.Deploy.0 = Release
		{3923D618-F5FB-40E1-B6E8-99555F2CEBDD}.Debug|Default.ActiveCfg = Development
		{3923D618-F5FB-40E1-B6E8-99555F2CEBDD}.Debug|Default.Build.0 = Development
		{3923D618-F5FB-40E1-B6E8-99555F2CEBDD}.DebugLocal|Default.ActiveCfg = Development
		{3923D618-F5FB-40E1-B6E8-99555F2CEBDD}.DebugLocal|Default.Build.0 = Development
		{3923D618-F5FB-40E1-B6E8-99555F2CEBDD}.Development|Default.ActiveCfg = Development
		{3923D618-F5FB-40E1-B6E8-99555F2CEBDD}.Development|Default.Build.0 = Development
		{3923D618-F5FB-40E1-B6E8-99555F2CEBDD}.Release|Default.ActiveCfg = Development
		{3923D618-F5FB-40E1-B6E8-99555F2CEBDD}.Release|Default.Build.0 = Development
	EndGlobalSection
	GlobalSection(SolutionProperties) = preSolution
		HideSolutionNode = FALSE
	EndGlobalSection
EndGlobal
